
Microsoft Visual Studio Solution File, Format Version 12.00
Project("{FAE04EC0-301F-11D3-BF4B-00C04F79EFBC}") = "047-break", "047-break.csproj", "{213CF53C-4B7A-43AC-8809-5E7CB43484FE}"
EndProject
Global
	GlobalSection(SolutionConfigurationPlatforms) = preSolution
		Debug|Any CPU = Debug|Any CPU
		Release|Any CPU = Release|Any CPU
	EndGlobalSection
	GlobalSection(ProjectConfigurationPlatforms) = postSolution
		{213CF53C-4B7A-43AC-8809-5E7CB43484FE}.Debug|Any CPU.ActiveCfg = Debug|Any CPU
		{213CF53C-4B7A-43AC-8809-5E7CB43484FE}.Debug|Any CPU.Build.0 = Debug|Any CPU
		{213CF53C-4B7A-43AC-8809-5E7CB43484FE}.Release|Any CPU.ActiveCfg = Release|Any CPU
		{213CF53C-4B7A-43AC-8809-5E7CB43484FE}.Release|Any CPU.Build.0 = Release|Any CPU
	EndGlobalSection
EndGlobal
