
Microsoft Visual Studio Solution File, Format Version 12.00
Project("{FAE04EC0-301F-11D3-BF4B-00C04F79EFBC}") = "051-arrays", "051-arrays.csproj", "{6C672786-6384-4119-9421-6CB926A576C6}"
EndProject
Global
	GlobalSection(SolutionConfigurationPlatforms) = preSolution
		Debug|Any CPU = Debug|Any CPU
		Release|Any CPU = Release|Any CPU
	EndGlobalSection
	GlobalSection(ProjectConfigurationPlatforms) = postSolution
		{6C672786-6384-4119-9421-6CB926A576C6}.Debug|Any CPU.ActiveCfg = Debug|Any CPU
		{6C672786-6384-4119-9421-6CB926A576C6}.Debug|Any CPU.Build.0 = Debug|Any CPU
		{6C672786-6384-4119-9421-6CB926A576C6}.Release|Any CPU.ActiveCfg = Release|Any CPU
		{6C672786-6384-4119-9421-6CB926A576C6}.Release|Any CPU.Build.0 = Release|Any CPU
	EndGlobalSection
EndGlobal
