
Microsoft Visual Studio Solution File, Format Version 12.00
Project("{FAE04EC0-301F-11D3-BF4B-00C04F79EFBC}") = "054-lists", "054-lists.csproj", "{A81C54F3-FF55-4165-A73A-16B7CB820FCA}"
EndProject
Global
	GlobalSection(SolutionConfigurationPlatforms) = preSolution
		Debug|Any CPU = Debug|Any CPU
		Release|Any CPU = Release|Any CPU
	EndGlobalSection
	GlobalSection(ProjectConfigurationPlatforms) = postSolution
		{A81C54F3-FF55-4165-A73A-16B7CB820FCA}.Debug|Any CPU.ActiveCfg = Debug|Any CPU
		{A81C54F3-FF55-4165-A73A-16B7CB820FCA}.Debug|Any CPU.Build.0 = Debug|Any CPU
		{A81C54F3-FF55-4165-A73A-16B7CB820FCA}.Release|Any CPU.ActiveCfg = Release|Any CPU
		{A81C54F3-FF55-4165-A73A-16B7CB820FCA}.Release|Any CPU.Build.0 = Release|Any CPU
	EndGlobalSection
EndGlobal
