
Microsoft Visual Studio Solution File, Format Version 12.00
Project("{FAE04EC0-301F-11D3-BF4B-00C04F79EFBC}") = "052-multi-dimentional-arrays", "052-multi-dimentional-arrays.csproj", "{F74B3F5B-B2DF-4897-B70F-12F3949F4305}"
EndProject
Global
	GlobalSection(SolutionConfigurationPlatforms) = preSolution
		Debug|Any CPU = Debug|Any CPU
		Release|Any CPU = Release|Any CPU
	EndGlobalSection
	GlobalSection(ProjectConfigurationPlatforms) = postSolution
		{F74B3F5B-B2DF-4897-B70F-12F3949F4305}.Debug|Any CPU.ActiveCfg = Debug|Any CPU
		{F74B3F5B-B2DF-4897-B70F-12F3949F4305}.Debug|Any CPU.Build.0 = Debug|Any CPU
		{F74B3F5B-B2DF-4897-B70F-12F3949F4305}.Release|Any CPU.ActiveCfg = Release|Any CPU
		{F74B3F5B-B2DF-4897-B70F-12F3949F4305}.Release|Any CPU.Build.0 = Release|Any CPU
	EndGlobalSection
EndGlobal
