
Microsoft Visual Studio Solution File, Format Version 12.00
Project("{FAE04EC0-301F-11D3-BF4B-00C04F79EFBC}") = "044-while-loop-2", "044-while-loop-2\044-while-loop-2.csproj", "{3637D29F-5CFD-4226-8F41-290A19DCFFA4}"
EndProject
Global
	GlobalSection(SolutionConfigurationPlatforms) = preSolution
		Debug|Any CPU = Debug|Any CPU
		Release|Any CPU = Release|Any CPU
	EndGlobalSection
	GlobalSection(ProjectConfigurationPlatforms) = postSolution
		{3637D29F-5CFD-4226-8F41-290A19DCFFA4}.Debug|Any CPU.ActiveCfg = Debug|Any CPU
		{3637D29F-5CFD-4226-8F41-290A19DCFFA4}.Debug|Any CPU.Build.0 = Debug|Any CPU
		{3637D29F-5CFD-4226-8F41-290A19DCFFA4}.Release|Any CPU.ActiveCfg = Release|Any CPU
		{3637D29F-5CFD-4226-8F41-290A19DCFFA4}.Release|Any CPU.Build.0 = Release|Any CPU
	EndGlobalSection
EndGlobal
