
Microsoft Visual Studio Solution File, Format Version 12.00
Project("{FAE04EC0-301F-11D3-BF4B-00C04F79EFBC}") = "049-nested-loops", "049-nested-loops.csproj", "{5F01A826-2976-483E-A5B8-D0C727DDD82F}"
EndProject
Global
	GlobalSection(SolutionConfigurationPlatforms) = preSolution
		Debug|Any CPU = Debug|Any CPU
		Release|Any CPU = Release|Any CPU
	EndGlobalSection
	GlobalSection(ProjectConfigurationPlatforms) = postSolution
		{5F01A826-2976-483E-A5B8-D0C727DDD82F}.Debug|Any CPU.ActiveCfg = Debug|Any CPU
		{5F01A826-2976-483E-A5B8-D0C727DDD82F}.Debug|Any CPU.Build.0 = Debug|Any CPU
		{5F01A826-2976-483E-A5B8-D0C727DDD82F}.Release|Any CPU.ActiveCfg = Release|Any CPU
		{5F01A826-2976-483E-A5B8-D0C727DDD82F}.Release|Any CPU.Build.0 = Release|Any CPU
	EndGlobalSection
EndGlobal
